
Microsoft Visual Studio Solution File, Format Version 12.00
Project("{FAE04EC0-301F-11D3-BF4B-00C04F79EFBC}") = "MatrixRoomUtils.Web", "MatrixRoomUtils.Web\MatrixRoomUtils.Web.csproj", "{D38DA95D-DD83-4340-96A4-6F59FC6AE3D9}"
EndProject
Project("{FAE04EC0-301F-11D3-BF4B-00C04F79EFBC}") = "MatrixRoomUtils.Web.Server", "MatrixRoomUtils.Web.Server\MatrixRoomUtils.Web.Server.csproj", "{F997F26F-2EC1-4D18-B3DD-C46FB2AD65C0}"
EndProject
Project("{FAE04EC0-301F-11D3-BF4B-00C04F79EFBC}") = "MatrixRoomUtils.Desktop", "MatrixRoomUtils.Desktop\MatrixRoomUtils.Desktop.csproj", "{27C08A4F-5AF0-4C2C-AFCB-050E3388C116}"
EndProject
Project("{2150E333-8FDC-42A3-9474-1A3956D46DE8}") = "LibMatrix", "LibMatrix", "{8F4F6BEC-0C66-486B-A21A-1C35B2EDAD33}"
EndProject
Project("{FAE04EC0-301F-11D3-BF4B-00C04F79EFBC}") = "LibMatrix", "LibMatrix\LibMatrix\LibMatrix.csproj", "{F4E241C3-0300-4B87-8707-BCBDEF1F0185}"
EndProject
Project("{2150E333-8FDC-42A3-9474-1A3956D46DE8}") = "MxApiExtensions", "MxApiExtensions", "{F1376F9A-FB65-4E60-BB9A-62A64F741FF4}"
EndProject
Project("{FAE04EC0-301F-11D3-BF4B-00C04F79EFBC}") = "MxApiExtensions", "MxApiExtensions\MxApiExtensions\MxApiExtensions.csproj", "{41200A7B-D2DB-4656-B66B-5206A63B367A}"
EndProject
Project("{2150E333-8FDC-42A3-9474-1A3956D46DE8}") = "ArcaneLibs", "LibMatrix\ArcaneLibs", "{B00C5CB6-6200-4B41-96BE-C6EAF1085A14}"
EndProject
Project("{FAE04EC0-301F-11D3-BF4B-00C04F79EFBC}") = "ArcaneLibs", "LibMatrix\ArcaneLibs\ArcaneLibs\ArcaneLibs.csproj", "{B00E29F5-1ED8-40A0-A70D-DE9F23FC572F}"
EndProject
Project("{FAE04EC0-301F-11D3-BF4B-00C04F79EFBC}") = "ArcaneLibs.Blazor.Components", "LibMatrix\ArcaneLibs\ArcaneLibs.Blazor.Components\ArcaneLibs.Blazor.Components.csproj", "{2D6F31D7-3139-44EC-9D11-486282DD4ED1}"
EndProject
Project("{FAE04EC0-301F-11D3-BF4B-00C04F79EFBC}") = "MxApiExtensions.Classes", "MxApiExtensions\MxApiExtensions.Classes\MxApiExtensions.Classes.csproj", "{99C016AA-AFBA-4D32-A687-D1FABC0F5212}"
EndProject
Project("{FAE04EC0-301F-11D3-BF4B-00C04F79EFBC}") = "MxApiExtensions.Classes.LibMatrix", "MxApiExtensions\MxApiExtensions.Classes.LibMatrix\MxApiExtensions.Classes.LibMatrix.csproj", "{C298E274-5D6C-47C8-9B71-A6B34D0195A3}"
EndProject
Project("{2150E333-8FDC-42A3-9474-1A3956D46DE8}") = "ExampleBots", "ExampleBots", "{3E0FDE30-8DA8-4E65-A3C6-AA53B5BC70A2}"
EndProject
Project("{FAE04EC0-301F-11D3-BF4B-00C04F79EFBC}") = "LibMatrix.ExampleBot", "LibMatrix\ExampleBots\LibMatrix.ExampleBot\LibMatrix.ExampleBot.csproj", "{2CB12623-4918-4176-9B4A-88D846CCD3ED}"
EndProject
Project("{FAE04EC0-301F-11D3-BF4B-00C04F79EFBC}") = "ModerationBot", "LibMatrix\ExampleBots\ModerationBot\ModerationBot.csproj", "{48DBB05F-B007-4B24-89B3-3CC177C79007}"
EndProject
Project("{2150E333-8FDC-42A3-9474-1A3956D46DE8}") = "Utilities", "Utilities", "{A4BCBF5F-4936-44B9-BAB3-FAF240BDF40D}"
EndProject
Project("{FAE04EC0-301F-11D3-BF4B-00C04F79EFBC}") = "LibMatrix.DebugDataValidationApi", "LibMatrix\Utilities\LibMatrix.DebugDataValidationApi\LibMatrix.DebugDataValidationApi.csproj", "{5DEF66C8-B931-435F-B4B5-E1858590D52E}"
EndProject
Project("{FAE04EC0-301F-11D3-BF4B-00C04F79EFBC}") = "LibMatrix.Utilities.Bot", "LibMatrix\Utilities\LibMatrix.Utilities.Bot\LibMatrix.Utilities.Bot.csproj", "{D8E5C678-3BE5-470C-A3A5-B5D525FC2012}"
EndProject
Project("{FAE04EC0-301F-11D3-BF4B-00C04F79EFBC}") = "PluralContactBotPoC", "LibMatrix\ExampleBots\PluralContactBotPoC\PluralContactBotPoC.csproj", "{95052EE6-7513-46FB-91BD-EE82026B42F1}"
EndProject
Project("{2150E333-8FDC-42A3-9474-1A3956D46DE8}") = "Tests", "Tests", "{7D2C9959-8309-4110-A67F-DEE64E97C1D8}"
EndProject
Project("{FAE04EC0-301F-11D3-BF4B-00C04F79EFBC}") = "LibMatrix.Tests", "LibMatrix\Tests\LibMatrix.Tests\LibMatrix.Tests.csproj", "{E37B78F1-D7A5-4F79-ADBA-E12DF7D0F881}"
EndProject
Project("{FAE04EC0-301F-11D3-BF4B-00C04F79EFBC}") = "TestDataGenerator", "LibMatrix\Tests\TestDataGenerator\TestDataGenerator.csproj", "{F3312DE9-4335-4E85-A4CF-2616427A651E}"
EndProject
Project("{FAE04EC0-301F-11D3-BF4B-00C04F79EFBC}") = "MatrixRoomUtils.LibDMSpace", "MatrixRoomUtils.LibDMSpace\MatrixRoomUtils.LibDMSpace.csproj", "{EDD2FBAB-2DEC-4527-AE9C-20E21D0D6B14}"
EndProject
Global
	GlobalSection(SolutionConfigurationPlatforms) = preSolution
		Debug|Any CPU = Debug|Any CPU
		Release|Any CPU = Release|Any CPU
	EndGlobalSection
	GlobalSection(ProjectConfigurationPlatforms) = postSolution
		{D38DA95D-DD83-4340-96A4-6F59FC6AE3D9}.Debug|Any CPU.ActiveCfg = Debug|Any CPU
		{D38DA95D-DD83-4340-96A4-6F59FC6AE3D9}.Debug|Any CPU.Build.0 = Debug|Any CPU
		{D38DA95D-DD83-4340-96A4-6F59FC6AE3D9}.Release|Any CPU.ActiveCfg = Release|Any CPU
		{D38DA95D-DD83-4340-96A4-6F59FC6AE3D9}.Release|Any CPU.Build.0 = Release|Any CPU
		{F997F26F-2EC1-4D18-B3DD-C46FB2AD65C0}.Debug|Any CPU.ActiveCfg = Debug|Any CPU
		{F997F26F-2EC1-4D18-B3DD-C46FB2AD65C0}.Debug|Any CPU.Build.0 = Debug|Any CPU
		{F997F26F-2EC1-4D18-B3DD-C46FB2AD65C0}.Release|Any CPU.ActiveCfg = Release|Any CPU
		{F997F26F-2EC1-4D18-B3DD-C46FB2AD65C0}.Release|Any CPU.Build.0 = Release|Any CPU
		{27C08A4F-5AF0-4C2C-AFCB-050E3388C116}.Debug|Any CPU.ActiveCfg = Debug|Any CPU
		{27C08A4F-5AF0-4C2C-AFCB-050E3388C116}.Debug|Any CPU.Build.0 = Debug|Any CPU
		{27C08A4F-5AF0-4C2C-AFCB-050E3388C116}.Release|Any CPU.ActiveCfg = Release|Any CPU
		{27C08A4F-5AF0-4C2C-AFCB-050E3388C116}.Release|Any CPU.Build.0 = Release|Any CPU
		{F4E241C3-0300-4B87-8707-BCBDEF1F0185}.Debug|Any CPU.ActiveCfg = Debug|Any CPU
		{F4E241C3-0300-4B87-8707-BCBDEF1F0185}.Debug|Any CPU.Build.0 = Debug|Any CPU
		{F4E241C3-0300-4B87-8707-BCBDEF1F0185}.Release|Any CPU.ActiveCfg = Release|Any CPU
		{F4E241C3-0300-4B87-8707-BCBDEF1F0185}.Release|Any CPU.Build.0 = Release|Any CPU
		{41200A7B-D2DB-4656-B66B-5206A63B367A}.Debug|Any CPU.ActiveCfg = Debug|Any CPU
		{41200A7B-D2DB-4656-B66B-5206A63B367A}.Debug|Any CPU.Build.0 = Debug|Any CPU
		{41200A7B-D2DB-4656-B66B-5206A63B367A}.Release|Any CPU.ActiveCfg = Release|Any CPU
		{41200A7B-D2DB-4656-B66B-5206A63B367A}.Release|Any CPU.Build.0 = Release|Any CPU
		{B00E29F5-1ED8-40A0-A70D-DE9F23FC572F}.Debug|Any CPU.ActiveCfg = Debug|Any CPU
		{B00E29F5-1ED8-40A0-A70D-DE9F23FC572F}.Debug|Any CPU.Build.0 = Debug|Any CPU
		{B00E29F5-1ED8-40A0-A70D-DE9F23FC572F}.Release|Any CPU.ActiveCfg = Release|Any CPU
		{B00E29F5-1ED8-40A0-A70D-DE9F23FC572F}.Release|Any CPU.Build.0 = Release|Any CPU
		{2D6F31D7-3139-44EC-9D11-486282DD4ED1}.Debug|Any CPU.ActiveCfg = Debug|Any CPU
		{2D6F31D7-3139-44EC-9D11-486282DD4ED1}.Debug|Any CPU.Build.0 = Debug|Any CPU
		{2D6F31D7-3139-44EC-9D11-486282DD4ED1}.Release|Any CPU.ActiveCfg = Release|Any CPU
		{2D6F31D7-3139-44EC-9D11-486282DD4ED1}.Release|Any CPU.Build.0 = Release|Any CPU
		{99C016AA-AFBA-4D32-A687-D1FABC0F5212}.Debug|Any CPU.ActiveCfg = Debug|Any CPU
		{99C016AA-AFBA-4D32-A687-D1FABC0F5212}.Debug|Any CPU.Build.0 = Debug|Any CPU
		{99C016AA-AFBA-4D32-A687-D1FABC0F5212}.Release|Any CPU.ActiveCfg = Release|Any CPU
		{99C016AA-AFBA-4D32-A687-D1FABC0F5212}.Release|Any CPU.Build.0 = Release|Any CPU
		{C298E274-5D6C-47C8-9B71-A6B34D0195A3}.Debug|Any CPU.ActiveCfg = Debug|Any CPU
		{C298E274-5D6C-47C8-9B71-A6B34D0195A3}.Debug|Any CPU.Build.0 = Debug|Any CPU
		{C298E274-5D6C-47C8-9B71-A6B34D0195A3}.Release|Any CPU.ActiveCfg = Release|Any CPU
		{C298E274-5D6C-47C8-9B71-A6B34D0195A3}.Release|Any CPU.Build.0 = Release|Any CPU
		{2CB12623-4918-4176-9B4A-88D846CCD3ED}.Debug|Any CPU.ActiveCfg = Debug|Any CPU
		{2CB12623-4918-4176-9B4A-88D846CCD3ED}.Debug|Any CPU.Build.0 = Debug|Any CPU
		{2CB12623-4918-4176-9B4A-88D846CCD3ED}.Release|Any CPU.ActiveCfg = Release|Any CPU
		{2CB12623-4918-4176-9B4A-88D846CCD3ED}.Release|Any CPU.Build.0 = Release|Any CPU
		{48DBB05F-B007-4B24-89B3-3CC177C79007}.Debug|Any CPU.ActiveCfg = Debug|Any CPU
		{48DBB05F-B007-4B24-89B3-3CC177C79007}.Debug|Any CPU.Build.0 = Debug|Any CPU
		{48DBB05F-B007-4B24-89B3-3CC177C79007}.Release|Any CPU.ActiveCfg = Release|Any CPU
		{48DBB05F-B007-4B24-89B3-3CC177C79007}.Release|Any CPU.Build.0 = Release|Any CPU
		{5DEF66C8-B931-435F-B4B5-E1858590D52E}.Debug|Any CPU.ActiveCfg = Debug|Any CPU
		{5DEF66C8-B931-435F-B4B5-E1858590D52E}.Debug|Any CPU.Build.0 = Debug|Any CPU
		{5DEF66C8-B931-435F-B4B5-E1858590D52E}.Release|Any CPU.ActiveCfg = Release|Any CPU
		{5DEF66C8-B931-435F-B4B5-E1858590D52E}.Release|Any CPU.Build.0 = Release|Any CPU
		{D8E5C678-3BE5-470C-A3A5-B5D525FC2012}.Debug|Any CPU.ActiveCfg = Debug|Any CPU
		{D8E5C678-3BE5-470C-A3A5-B5D525FC2012}.Debug|Any CPU.Build.0 = Debug|Any CPU
		{D8E5C678-3BE5-470C-A3A5-B5D525FC2012}.Release|Any CPU.ActiveCfg = Release|Any CPU
		{D8E5C678-3BE5-470C-A3A5-B5D525FC2012}.Release|Any CPU.Build.0 = Release|Any CPU
		{95052EE6-7513-46FB-91BD-EE82026B42F1}.Debug|Any CPU.ActiveCfg = Debug|Any CPU
		{95052EE6-7513-46FB-91BD-EE82026B42F1}.Debug|Any CPU.Build.0 = Debug|Any CPU
		{95052EE6-7513-46FB-91BD-EE82026B42F1}.Release|Any CPU.ActiveCfg = Release|Any CPU
		{95052EE6-7513-46FB-91BD-EE82026B42F1}.Release|Any CPU.Build.0 = Release|Any CPU
		{E37B78F1-D7A5-4F79-ADBA-E12DF7D0F881}.Debug|Any CPU.ActiveCfg = Debug|Any CPU
		{E37B78F1-D7A5-4F79-ADBA-E12DF7D0F881}.Debug|Any CPU.Build.0 = Debug|Any CPU
		{E37B78F1-D7A5-4F79-ADBA-E12DF7D0F881}.Release|Any CPU.ActiveCfg = Release|Any CPU
		{E37B78F1-D7A5-4F79-ADBA-E12DF7D0F881}.Release|Any CPU.Build.0 = Release|Any CPU
		{F3312DE9-4335-4E85-A4CF-2616427A651E}.Debug|Any CPU.ActiveCfg = Debug|Any CPU
		{F3312DE9-4335-4E85-A4CF-2616427A651E}.Debug|Any CPU.Build.0 = Debug|Any CPU
		{F3312DE9-4335-4E85-A4CF-2616427A651E}.Release|Any CPU.ActiveCfg = Release|Any CPU
		{F3312DE9-4335-4E85-A4CF-2616427A651E}.Release|Any CPU.Build.0 = Release|Any CPU
		{EDD2FBAB-2DEC-4527-AE9C-20E21D0D6B14}.Debug|Any CPU.ActiveCfg = Debug|Any CPU
		{EDD2FBAB-2DEC-4527-AE9C-20E21D0D6B14}.Debug|Any CPU.Build.0 = Debug|Any CPU
		{EDD2FBAB-2DEC-4527-AE9C-20E21D0D6B14}.Release|Any CPU.ActiveCfg = Release|Any CPU
		{EDD2FBAB-2DEC-4527-AE9C-20E21D0D6B14}.Release|Any CPU.Build.0 = Release|Any CPU
	EndGlobalSection
	GlobalSection(NestedProjects) = preSolution
		{F4E241C3-0300-4B87-8707-BCBDEF1F0185} = {8F4F6BEC-0C66-486B-A21A-1C35B2EDAD33}
		{41200A7B-D2DB-4656-B66B-5206A63B367A} = {F1376F9A-FB65-4E60-BB9A-62A64F741FF4}
		{B00E29F5-1ED8-40A0-A70D-DE9F23FC572F} = {B00C5CB6-6200-4B41-96BE-C6EAF1085A14}
		{2D6F31D7-3139-44EC-9D11-486282DD4ED1} = {B00C5CB6-6200-4B41-96BE-C6EAF1085A14}
		{99C016AA-AFBA-4D32-A687-D1FABC0F5212} = {F1376F9A-FB65-4E60-BB9A-62A64F741FF4}
		{C298E274-5D6C-47C8-9B71-A6B34D0195A3} = {F1376F9A-FB65-4E60-BB9A-62A64F741FF4}
		{3E0FDE30-8DA8-4E65-A3C6-AA53B5BC70A2} = {8F4F6BEC-0C66-486B-A21A-1C35B2EDAD33}
		{2CB12623-4918-4176-9B4A-88D846CCD3ED} = {3E0FDE30-8DA8-4E65-A3C6-AA53B5BC70A2}
		{48DBB05F-B007-4B24-89B3-3CC177C79007} = {3E0FDE30-8DA8-4E65-A3C6-AA53B5BC70A2}
		{A4BCBF5F-4936-44B9-BAB3-FAF240BDF40D} = {8F4F6BEC-0C66-486B-A21A-1C35B2EDAD33}
		{5DEF66C8-B931-435F-B4B5-E1858590D52E} = {A4BCBF5F-4936-44B9-BAB3-FAF240BDF40D}
		{D8E5C678-3BE5-470C-A3A5-B5D525FC2012} = {A4BCBF5F-4936-44B9-BAB3-FAF240BDF40D}
		{95052EE6-7513-46FB-91BD-EE82026B42F1} = {3E0FDE30-8DA8-4E65-A3C6-AA53B5BC70A2}
		{7D2C9959-8309-4110-A67F-DEE64E97C1D8} = {8F4F6BEC-0C66-486B-A21A-1C35B2EDAD33}
		{E37B78F1-D7A5-4F79-ADBA-E12DF7D0F881} = {7D2C9959-8309-4110-A67F-DEE64E97C1D8}
		{F3312DE9-4335-4E85-A4CF-2616427A651E} = {7D2C9959-8309-4110-A67F-DEE64E97C1D8}
	EndGlobalSection
EndGlobal
