
Microsoft Visual Studio Solution File, Format Version 12.00
# 
Project("{FAE04EC0-301F-11D3-BF4B-00C04F79EFBC}") = "MatrixUtils.Web", "MatrixUtils.Web\MatrixUtils.Web.csproj", "{D38DA95D-DD83-4340-96A4-6F59FC6AE3D9}"
EndProject
Project("{FAE04EC0-301F-11D3-BF4B-00C04F79EFBC}") = "MatrixUtils.Web.Server", "MatrixUtils.Web.Server\MatrixUtils.Web.Server.csproj", "{F997F26F-2EC1-4D18-B3DD-C46FB2AD65C0}"
EndProject
Project("{FAE04EC0-301F-11D3-BF4B-00C04F79EFBC}") = "MatrixUtils.Desktop", "MatrixUtils.Desktop\MatrixUtils.Desktop.csproj", "{27C08A4F-5AF0-4C2C-AFCB-050E3388C116}"
EndProject
Project("{FAE04EC0-301F-11D3-BF4B-00C04F79EFBC}") = "MatrixUtils.LibDMSpace", "MatrixUtils.LibDMSpace\MatrixUtils.LibDMSpace.csproj", "{EDD2FBAB-2DEC-4527-AE9C-20E21D0D6B14}"
EndProject
Project("{FAE04EC0-301F-11D3-BF4B-00C04F79EFBC}") = "MatrixUtils.Abstractions", "MatrixUtils.Abstractions\MatrixUtils.Abstractions.csproj", "{FE20ED20-0D55-4D74-822B-E2AC7A54C487}"
EndProject
Project("{2150E333-8FDC-42A3-9474-1A3956D46DE8}") = "LibMatrix", "LibMatrix", "{933DC8A6-8B1F-46BF-9046-4B636AA46469}"
EndProject
Project("{2150E333-8FDC-42A3-9474-1A3956D46DE8}") = "ArcaneLibs", "ArcaneLibs", "{84BE90C4-2FDE-4A48-B154-58926EF24846}"
EndProject
Project("{FAE04EC0-301F-11D3-BF4B-00C04F79EFBC}") = "ArcaneLib.Tests", "LibMatrix\ArcaneLibs\ArcaneLib.Tests\ArcaneLib.Tests.csproj", "{EC5536AB-0613-4CB5-B22B-822A3DBB112A}"
EndProject
Project("{FAE04EC0-301F-11D3-BF4B-00C04F79EFBC}") = "ArcaneLibs.Blazor.Components", "LibMatrix\ArcaneLibs\ArcaneLibs.Blazor.Components\ArcaneLibs.Blazor.Components.csproj", "{CF252EDF-C5A1-4030-8666-C78AA0A3B7DE}"
EndProject
Project("{FAE04EC0-301F-11D3-BF4B-00C04F79EFBC}") = "ArcaneLibs.Legacy", "LibMatrix\ArcaneLibs\ArcaneLibs.Legacy\ArcaneLibs.Legacy.csproj", "{0C542A8E-54B6-4A20-B7A9-8C7190A0C232}"
EndProject
Project("{FAE04EC0-301F-11D3-BF4B-00C04F79EFBC}") = "ArcaneLibs.Logging", "LibMatrix\ArcaneLibs\ArcaneLibs.Logging\ArcaneLibs.Logging.csproj", "{48AF8AC7-5F59-4401-B173-523D37FDD7A8}"
EndProject
Project("{FAE04EC0-301F-11D3-BF4B-00C04F79EFBC}") = "ArcaneLibs.StringNormalisation", "LibMatrix\ArcaneLibs\ArcaneLibs.StringNormalisation\ArcaneLibs.StringNormalisation.csproj", "{CFAFFBF1-8C85-4FB2-AB32-B5C17AC7BB5D}"
EndProject
Project("{FAE04EC0-301F-11D3-BF4B-00C04F79EFBC}") = "ArcaneLibs.Timings", "LibMatrix\ArcaneLibs\ArcaneLibs.Timings\ArcaneLibs.Timings.csproj", "{ADFBDF2D-0CEC-43C1-8896-75DCE439CF72}"
EndProject
Project("{FAE04EC0-301F-11D3-BF4B-00C04F79EFBC}") = "ArcaneLibs.UsageTest", "LibMatrix\ArcaneLibs\ArcaneLibs.UsageTest\ArcaneLibs.UsageTest.csproj", "{D6315791-949B-4501-AA95-50516DE899C1}"
EndProject
Project("{FAE04EC0-301F-11D3-BF4B-00C04F79EFBC}") = "ArcaneLibs", "LibMatrix\ArcaneLibs\ArcaneLibs\ArcaneLibs.csproj", "{03466515-77CC-49E4-90E5-9A21EDD0A644}"
EndProject
Project("{2150E333-8FDC-42A3-9474-1A3956D46DE8}") = "ExampleBots", "ExampleBots", "{D11CC8C3-9F25-4424-9006-2A8FC3F9473D}"
EndProject
Project("{FAE04EC0-301F-11D3-BF4B-00C04F79EFBC}") = "LibMatrix.ExampleBot", "LibMatrix\ExampleBots\LibMatrix.ExampleBot\LibMatrix.ExampleBot.csproj", "{8BB44883-AA14-4E0C-A999-A4391AF14FA8}"
EndProject
Project("{FAE04EC0-301F-11D3-BF4B-00C04F79EFBC}") = "ModerationBot", "LibMatrix\ExampleBots\ModerationBot\ModerationBot.csproj", "{8AFE074B-3102-41DF-A05E-982B7A2A8F64}"
EndProject
Project("{FAE04EC0-301F-11D3-BF4B-00C04F79EFBC}") = "PluralContactBotPoC", "LibMatrix\ExampleBots\PluralContactBotPoC\PluralContactBotPoC.csproj", "{2FAB4B42-4D09-48F7-A589-5F264FF5C620}"
EndProject
Project("{FAE04EC0-301F-11D3-BF4B-00C04F79EFBC}") = "LibMatrix.EventTypes", "LibMatrix\LibMatrix.EventTypes\LibMatrix.EventTypes.csproj", "{0336306C-285A-4810-9253-5C5F0373992E}"
EndProject
Project("{FAE04EC0-301F-11D3-BF4B-00C04F79EFBC}") = "LibMatrix", "LibMatrix\LibMatrix\LibMatrix.csproj", "{D7E5B226-114C-4747-9277-A4D6341A16FE}"
EndProject
Project("{2150E333-8FDC-42A3-9474-1A3956D46DE8}") = "Tests", "Tests", "{B37F87A8-B5E2-4724-800C-F5D9A91F35C7}"
EndProject
Project("{FAE04EC0-301F-11D3-BF4B-00C04F79EFBC}") = "LibMatrix.Tests", "LibMatrix\Tests\LibMatrix.Tests\LibMatrix.Tests.csproj", "{D293AFEC-8322-4FEC-8425-143B5FE10D0F}"
EndProject
Project("{2150E333-8FDC-42A3-9474-1A3956D46DE8}") = "Utilities", "Utilities", "{80828C75-9C5B-442F-86A4-8CE9D85E811C}"
EndProject
Project("{FAE04EC0-301F-11D3-BF4B-00C04F79EFBC}") = "LibMatrix.DebugDataValidationApi", "LibMatrix\Utilities\LibMatrix.DebugDataValidationApi\LibMatrix.DebugDataValidationApi.csproj", "{FA6A9923-419A-40E1-8A32-30DD906E5025}"
EndProject
Project("{FAE04EC0-301F-11D3-BF4B-00C04F79EFBC}") = "LibMatrix.DevTestBot", "LibMatrix\Utilities\LibMatrix.DevTestBot\LibMatrix.DevTestBot.csproj", "{43ECF2DB-CBA6-4A31-BD6A-B059CEA03CA0}"
EndProject
Project("{FAE04EC0-301F-11D3-BF4B-00C04F79EFBC}") = "LibMatrix.E2eeTestKit", "LibMatrix\Utilities\LibMatrix.E2eeTestKit\LibMatrix.E2eeTestKit.csproj", "{CC87DFFB-EE19-4147-9212-4FAF16D79AD5}"
EndProject
Project("{FAE04EC0-301F-11D3-BF4B-00C04F79EFBC}") = "LibMatrix.HomeserverEmulator", "LibMatrix\Utilities\LibMatrix.HomeserverEmulator\LibMatrix.HomeserverEmulator.csproj", "{DBCE6260-052E-46F9-ACCD-059AA51B8A48}"
EndProject
Project("{FAE04EC0-301F-11D3-BF4B-00C04F79EFBC}") = "LibMatrix.JsonSerializerContextGenerator", "LibMatrix\Utilities\LibMatrix.JsonSerializerContextGenerator\LibMatrix.JsonSerializerContextGenerator.csproj", "{7AA3CDF9-D1F6-4A12-BA47-EB721F353701}"
EndProject
Project("{FAE04EC0-301F-11D3-BF4B-00C04F79EFBC}") = "LibMatrix.TestDataGenerator", "LibMatrix\Utilities\LibMatrix.TestDataGenerator\LibMatrix.TestDataGenerator.csproj", "{D7F9BDF7-35B7-4C84-A34E-B940C1763CC9}"
EndProject
Project("{FAE04EC0-301F-11D3-BF4B-00C04F79EFBC}") = "LibMatrix.Utilities.Bot", "LibMatrix\Utilities\LibMatrix.Utilities.Bot\LibMatrix.Utilities.Bot.csproj", "{72D44C6C-1BC7-4310-B1A9-1169C0812E33}"
EndProject
Project("{FAE04EC0-301F-11D3-BF4B-00C04F79EFBC}") = "MatrixUtils.DmSpaced", "MatrixUtils.DmSpaced\MatrixUtils.DmSpaced.csproj", "{CDBE012E-B48B-4F9D-8CA4-99F6328E9630}"
EndProject
Project("{2150E333-8FDC-42A3-9474-1A3956D46DE8}") = "MxApiExtensions", "MxApiExtensions", "{0641F1C8-8518-4C67-B385-832745C063FD}"
EndProject
Project("{FAE04EC0-301F-11D3-BF4B-00C04F79EFBC}") = "MxApiExtensions.Classes.LibMatrix", "MxApiExtensions\MxApiExtensions.Classes.LibMatrix\MxApiExtensions.Classes.LibMatrix.csproj", "{3BD05B05-86DE-4680-A7A0-5A326E41E776}"
EndProject
Project("{FAE04EC0-301F-11D3-BF4B-00C04F79EFBC}") = "MxApiExtensions.Classes", "MxApiExtensions\MxApiExtensions.Classes\MxApiExtensions.Classes.csproj", "{98BB2D9F-BFB9-4E70-93D5-7C4C1205BD53}"
EndProject
Project("{FAE04EC0-301F-11D3-BF4B-00C04F79EFBC}") = "MxApiExtensions", "MxApiExtensions\MxApiExtensions\MxApiExtensions.csproj", "{44BFB1AD-62FB-4B5B-A5A8-E7D04D731684}"
EndProject
Global
	GlobalSection(SolutionConfigurationPlatforms) = preSolution
		Debug|Any CPU = Debug|Any CPU
		Release|Any CPU = Release|Any CPU
	EndGlobalSection
	GlobalSection(ProjectConfigurationPlatforms) = postSolution
		{D38DA95D-DD83-4340-96A4-6F59FC6AE3D9}.Debug|Any CPU.ActiveCfg = Debug|Any CPU
		{D38DA95D-DD83-4340-96A4-6F59FC6AE3D9}.Debug|Any CPU.Build.0 = Debug|Any CPU
		{D38DA95D-DD83-4340-96A4-6F59FC6AE3D9}.Release|Any CPU.ActiveCfg = Release|Any CPU
		{D38DA95D-DD83-4340-96A4-6F59FC6AE3D9}.Release|Any CPU.Build.0 = Release|Any CPU
		{F997F26F-2EC1-4D18-B3DD-C46FB2AD65C0}.Debug|Any CPU.ActiveCfg = Debug|Any CPU
		{F997F26F-2EC1-4D18-B3DD-C46FB2AD65C0}.Debug|Any CPU.Build.0 = Debug|Any CPU
		{F997F26F-2EC1-4D18-B3DD-C46FB2AD65C0}.Release|Any CPU.ActiveCfg = Release|Any CPU
		{F997F26F-2EC1-4D18-B3DD-C46FB2AD65C0}.Release|Any CPU.Build.0 = Release|Any CPU
		{27C08A4F-5AF0-4C2C-AFCB-050E3388C116}.Debug|Any CPU.ActiveCfg = Debug|Any CPU
		{27C08A4F-5AF0-4C2C-AFCB-050E3388C116}.Debug|Any CPU.Build.0 = Debug|Any CPU
		{27C08A4F-5AF0-4C2C-AFCB-050E3388C116}.Release|Any CPU.ActiveCfg = Release|Any CPU
		{27C08A4F-5AF0-4C2C-AFCB-050E3388C116}.Release|Any CPU.Build.0 = Release|Any CPU
		{EDD2FBAB-2DEC-4527-AE9C-20E21D0D6B14}.Debug|Any CPU.ActiveCfg = Debug|Any CPU
		{EDD2FBAB-2DEC-4527-AE9C-20E21D0D6B14}.Debug|Any CPU.Build.0 = Debug|Any CPU
		{EDD2FBAB-2DEC-4527-AE9C-20E21D0D6B14}.Release|Any CPU.ActiveCfg = Release|Any CPU
		{EDD2FBAB-2DEC-4527-AE9C-20E21D0D6B14}.Release|Any CPU.Build.0 = Release|Any CPU
		{FE20ED20-0D55-4D74-822B-E2AC7A54C487}.Debug|Any CPU.ActiveCfg = Debug|Any CPU
		{FE20ED20-0D55-4D74-822B-E2AC7A54C487}.Debug|Any CPU.Build.0 = Debug|Any CPU
		{FE20ED20-0D55-4D74-822B-E2AC7A54C487}.Release|Any CPU.ActiveCfg = Release|Any CPU
		{FE20ED20-0D55-4D74-822B-E2AC7A54C487}.Release|Any CPU.Build.0 = Release|Any CPU
		{EC5536AB-0613-4CB5-B22B-822A3DBB112A}.Debug|Any CPU.ActiveCfg = Debug|Any CPU
		{EC5536AB-0613-4CB5-B22B-822A3DBB112A}.Debug|Any CPU.Build.0 = Debug|Any CPU
		{EC5536AB-0613-4CB5-B22B-822A3DBB112A}.Release|Any CPU.ActiveCfg = Release|Any CPU
		{EC5536AB-0613-4CB5-B22B-822A3DBB112A}.Release|Any CPU.Build.0 = Release|Any CPU
		{CF252EDF-C5A1-4030-8666-C78AA0A3B7DE}.Debug|Any CPU.ActiveCfg = Debug|Any CPU
		{CF252EDF-C5A1-4030-8666-C78AA0A3B7DE}.Debug|Any CPU.Build.0 = Debug|Any CPU
		{CF252EDF-C5A1-4030-8666-C78AA0A3B7DE}.Release|Any CPU.ActiveCfg = Release|Any CPU
		{CF252EDF-C5A1-4030-8666-C78AA0A3B7DE}.Release|Any CPU.Build.0 = Release|Any CPU
		{0C542A8E-54B6-4A20-B7A9-8C7190A0C232}.Debug|Any CPU.ActiveCfg = Debug|Any CPU
		{0C542A8E-54B6-4A20-B7A9-8C7190A0C232}.Debug|Any CPU.Build.0 = Debug|Any CPU
		{0C542A8E-54B6-4A20-B7A9-8C7190A0C232}.Release|Any CPU.ActiveCfg = Release|Any CPU
		{0C542A8E-54B6-4A20-B7A9-8C7190A0C232}.Release|Any CPU.Build.0 = Release|Any CPU
		{48AF8AC7-5F59-4401-B173-523D37FDD7A8}.Debug|Any CPU.ActiveCfg = Debug|Any CPU
		{48AF8AC7-5F59-4401-B173-523D37FDD7A8}.Debug|Any CPU.Build.0 = Debug|Any CPU
		{48AF8AC7-5F59-4401-B173-523D37FDD7A8}.Release|Any CPU.ActiveCfg = Release|Any CPU
		{48AF8AC7-5F59-4401-B173-523D37FDD7A8}.Release|Any CPU.Build.0 = Release|Any CPU
		{CFAFFBF1-8C85-4FB2-AB32-B5C17AC7BB5D}.Debug|Any CPU.ActiveCfg = Debug|Any CPU
		{CFAFFBF1-8C85-4FB2-AB32-B5C17AC7BB5D}.Debug|Any CPU.Build.0 = Debug|Any CPU
		{CFAFFBF1-8C85-4FB2-AB32-B5C17AC7BB5D}.Release|Any CPU.ActiveCfg = Release|Any CPU
		{CFAFFBF1-8C85-4FB2-AB32-B5C17AC7BB5D}.Release|Any CPU.Build.0 = Release|Any CPU
		{ADFBDF2D-0CEC-43C1-8896-75DCE439CF72}.Debug|Any CPU.ActiveCfg = Debug|Any CPU
		{ADFBDF2D-0CEC-43C1-8896-75DCE439CF72}.Debug|Any CPU.Build.0 = Debug|Any CPU
		{ADFBDF2D-0CEC-43C1-8896-75DCE439CF72}.Release|Any CPU.ActiveCfg = Release|Any CPU
		{ADFBDF2D-0CEC-43C1-8896-75DCE439CF72}.Release|Any CPU.Build.0 = Release|Any CPU
		{D6315791-949B-4501-AA95-50516DE899C1}.Debug|Any CPU.ActiveCfg = Debug|Any CPU
		{D6315791-949B-4501-AA95-50516DE899C1}.Debug|Any CPU.Build.0 = Debug|Any CPU
		{D6315791-949B-4501-AA95-50516DE899C1}.Release|Any CPU.ActiveCfg = Release|Any CPU
		{D6315791-949B-4501-AA95-50516DE899C1}.Release|Any CPU.Build.0 = Release|Any CPU
		{03466515-77CC-49E4-90E5-9A21EDD0A644}.Debug|Any CPU.ActiveCfg = Debug|Any CPU
		{03466515-77CC-49E4-90E5-9A21EDD0A644}.Debug|Any CPU.Build.0 = Debug|Any CPU
		{03466515-77CC-49E4-90E5-9A21EDD0A644}.Release|Any CPU.ActiveCfg = Release|Any CPU
		{03466515-77CC-49E4-90E5-9A21EDD0A644}.Release|Any CPU.Build.0 = Release|Any CPU
		{8BB44883-AA14-4E0C-A999-A4391AF14FA8}.Debug|Any CPU.ActiveCfg = Debug|Any CPU
		{8BB44883-AA14-4E0C-A999-A4391AF14FA8}.Debug|Any CPU.Build.0 = Debug|Any CPU
		{8BB44883-AA14-4E0C-A999-A4391AF14FA8}.Release|Any CPU.ActiveCfg = Release|Any CPU
		{8BB44883-AA14-4E0C-A999-A4391AF14FA8}.Release|Any CPU.Build.0 = Release|Any CPU
		{8AFE074B-3102-41DF-A05E-982B7A2A8F64}.Debug|Any CPU.ActiveCfg = Debug|Any CPU
		{8AFE074B-3102-41DF-A05E-982B7A2A8F64}.Debug|Any CPU.Build.0 = Debug|Any CPU
		{8AFE074B-3102-41DF-A05E-982B7A2A8F64}.Release|Any CPU.ActiveCfg = Release|Any CPU
		{8AFE074B-3102-41DF-A05E-982B7A2A8F64}.Release|Any CPU.Build.0 = Release|Any CPU
		{2FAB4B42-4D09-48F7-A589-5F264FF5C620}.Debug|Any CPU.ActiveCfg = Debug|Any CPU
		{2FAB4B42-4D09-48F7-A589-5F264FF5C620}.Debug|Any CPU.Build.0 = Debug|Any CPU
		{2FAB4B42-4D09-48F7-A589-5F264FF5C620}.Release|Any CPU.ActiveCfg = Release|Any CPU
		{2FAB4B42-4D09-48F7-A589-5F264FF5C620}.Release|Any CPU.Build.0 = Release|Any CPU
		{0336306C-285A-4810-9253-5C5F0373992E}.Debug|Any CPU.ActiveCfg = Debug|Any CPU
		{0336306C-285A-4810-9253-5C5F0373992E}.Debug|Any CPU.Build.0 = Debug|Any CPU
		{0336306C-285A-4810-9253-5C5F0373992E}.Release|Any CPU.ActiveCfg = Release|Any CPU
		{0336306C-285A-4810-9253-5C5F0373992E}.Release|Any CPU.Build.0 = Release|Any CPU
		{D7E5B226-114C-4747-9277-A4D6341A16FE}.Debug|Any CPU.ActiveCfg = Debug|Any CPU
		{D7E5B226-114C-4747-9277-A4D6341A16FE}.Debug|Any CPU.Build.0 = Debug|Any CPU
		{D7E5B226-114C-4747-9277-A4D6341A16FE}.Release|Any CPU.ActiveCfg = Release|Any CPU
		{D7E5B226-114C-4747-9277-A4D6341A16FE}.Release|Any CPU.Build.0 = Release|Any CPU
		{D293AFEC-8322-4FEC-8425-143B5FE10D0F}.Debug|Any CPU.ActiveCfg = Debug|Any CPU
		{D293AFEC-8322-4FEC-8425-143B5FE10D0F}.Debug|Any CPU.Build.0 = Debug|Any CPU
		{D293AFEC-8322-4FEC-8425-143B5FE10D0F}.Release|Any CPU.ActiveCfg = Release|Any CPU
		{D293AFEC-8322-4FEC-8425-143B5FE10D0F}.Release|Any CPU.Build.0 = Release|Any CPU
		{FA6A9923-419A-40E1-8A32-30DD906E5025}.Debug|Any CPU.ActiveCfg = Debug|Any CPU
		{FA6A9923-419A-40E1-8A32-30DD906E5025}.Debug|Any CPU.Build.0 = Debug|Any CPU
		{FA6A9923-419A-40E1-8A32-30DD906E5025}.Release|Any CPU.ActiveCfg = Release|Any CPU
		{FA6A9923-419A-40E1-8A32-30DD906E5025}.Release|Any CPU.Build.0 = Release|Any CPU
		{43ECF2DB-CBA6-4A31-BD6A-B059CEA03CA0}.Debug|Any CPU.ActiveCfg = Debug|Any CPU
		{43ECF2DB-CBA6-4A31-BD6A-B059CEA03CA0}.Debug|Any CPU.Build.0 = Debug|Any CPU
		{43ECF2DB-CBA6-4A31-BD6A-B059CEA03CA0}.Release|Any CPU.ActiveCfg = Release|Any CPU
		{43ECF2DB-CBA6-4A31-BD6A-B059CEA03CA0}.Release|Any CPU.Build.0 = Release|Any CPU
		{CC87DFFB-EE19-4147-9212-4FAF16D79AD5}.Debug|Any CPU.ActiveCfg = Debug|Any CPU
		{CC87DFFB-EE19-4147-9212-4FAF16D79AD5}.Debug|Any CPU.Build.0 = Debug|Any CPU
		{CC87DFFB-EE19-4147-9212-4FAF16D79AD5}.Release|Any CPU.ActiveCfg = Release|Any CPU
		{CC87DFFB-EE19-4147-9212-4FAF16D79AD5}.Release|Any CPU.Build.0 = Release|Any CPU
		{DBCE6260-052E-46F9-ACCD-059AA51B8A48}.Debug|Any CPU.ActiveCfg = Debug|Any CPU
		{DBCE6260-052E-46F9-ACCD-059AA51B8A48}.Debug|Any CPU.Build.0 = Debug|Any CPU
		{DBCE6260-052E-46F9-ACCD-059AA51B8A48}.Release|Any CPU.ActiveCfg = Release|Any CPU
		{DBCE6260-052E-46F9-ACCD-059AA51B8A48}.Release|Any CPU.Build.0 = Release|Any CPU
		{7AA3CDF9-D1F6-4A12-BA47-EB721F353701}.Debug|Any CPU.ActiveCfg = Debug|Any CPU
		{7AA3CDF9-D1F6-4A12-BA47-EB721F353701}.Debug|Any CPU.Build.0 = Debug|Any CPU
		{7AA3CDF9-D1F6-4A12-BA47-EB721F353701}.Release|Any CPU.ActiveCfg = Release|Any CPU
		{7AA3CDF9-D1F6-4A12-BA47-EB721F353701}.Release|Any CPU.Build.0 = Release|Any CPU
		{D7F9BDF7-35B7-4C84-A34E-B940C1763CC9}.Debug|Any CPU.ActiveCfg = Debug|Any CPU
		{D7F9BDF7-35B7-4C84-A34E-B940C1763CC9}.Debug|Any CPU.Build.0 = Debug|Any CPU
		{D7F9BDF7-35B7-4C84-A34E-B940C1763CC9}.Release|Any CPU.ActiveCfg = Release|Any CPU
		{D7F9BDF7-35B7-4C84-A34E-B940C1763CC9}.Release|Any CPU.Build.0 = Release|Any CPU
		{72D44C6C-1BC7-4310-B1A9-1169C0812E33}.Debug|Any CPU.ActiveCfg = Debug|Any CPU
		{72D44C6C-1BC7-4310-B1A9-1169C0812E33}.Debug|Any CPU.Build.0 = Debug|Any CPU
		{72D44C6C-1BC7-4310-B1A9-1169C0812E33}.Release|Any CPU.ActiveCfg = Release|Any CPU
		{72D44C6C-1BC7-4310-B1A9-1169C0812E33}.Release|Any CPU.Build.0 = Release|Any CPU
		{CDBE012E-B48B-4F9D-8CA4-99F6328E9630}.Debug|Any CPU.ActiveCfg = Debug|Any CPU
		{CDBE012E-B48B-4F9D-8CA4-99F6328E9630}.Debug|Any CPU.Build.0 = Debug|Any CPU
		{CDBE012E-B48B-4F9D-8CA4-99F6328E9630}.Release|Any CPU.ActiveCfg = Release|Any CPU
		{CDBE012E-B48B-4F9D-8CA4-99F6328E9630}.Release|Any CPU.Build.0 = Release|Any CPU
		{3BD05B05-86DE-4680-A7A0-5A326E41E776}.Debug|Any CPU.ActiveCfg = Debug|Any CPU
		{3BD05B05-86DE-4680-A7A0-5A326E41E776}.Debug|Any CPU.Build.0 = Debug|Any CPU
		{3BD05B05-86DE-4680-A7A0-5A326E41E776}.Release|Any CPU.ActiveCfg = Release|Any CPU
		{3BD05B05-86DE-4680-A7A0-5A326E41E776}.Release|Any CPU.Build.0 = Release|Any CPU
		{98BB2D9F-BFB9-4E70-93D5-7C4C1205BD53}.Debug|Any CPU.ActiveCfg = Debug|Any CPU
		{98BB2D9F-BFB9-4E70-93D5-7C4C1205BD53}.Debug|Any CPU.Build.0 = Debug|Any CPU
		{98BB2D9F-BFB9-4E70-93D5-7C4C1205BD53}.Release|Any CPU.ActiveCfg = Release|Any CPU
		{98BB2D9F-BFB9-4E70-93D5-7C4C1205BD53}.Release|Any CPU.Build.0 = Release|Any CPU
		{44BFB1AD-62FB-4B5B-A5A8-E7D04D731684}.Debug|Any CPU.ActiveCfg = Debug|Any CPU
		{44BFB1AD-62FB-4B5B-A5A8-E7D04D731684}.Debug|Any CPU.Build.0 = Debug|Any CPU
		{44BFB1AD-62FB-4B5B-A5A8-E7D04D731684}.Release|Any CPU.ActiveCfg = Release|Any CPU
		{44BFB1AD-62FB-4B5B-A5A8-E7D04D731684}.Release|Any CPU.Build.0 = Release|Any CPU
	EndGlobalSection
	GlobalSection(NestedProjects) = preSolution
		{84BE90C4-2FDE-4A48-B154-58926EF24846} = {933DC8A6-8B1F-46BF-9046-4B636AA46469}
		{EC5536AB-0613-4CB5-B22B-822A3DBB112A} = {84BE90C4-2FDE-4A48-B154-58926EF24846}
		{CF252EDF-C5A1-4030-8666-C78AA0A3B7DE} = {84BE90C4-2FDE-4A48-B154-58926EF24846}
		{0C542A8E-54B6-4A20-B7A9-8C7190A0C232} = {84BE90C4-2FDE-4A48-B154-58926EF24846}
		{48AF8AC7-5F59-4401-B173-523D37FDD7A8} = {84BE90C4-2FDE-4A48-B154-58926EF24846}
		{CFAFFBF1-8C85-4FB2-AB32-B5C17AC7BB5D} = {84BE90C4-2FDE-4A48-B154-58926EF24846}
		{ADFBDF2D-0CEC-43C1-8896-75DCE439CF72} = {84BE90C4-2FDE-4A48-B154-58926EF24846}
		{D6315791-949B-4501-AA95-50516DE899C1} = {84BE90C4-2FDE-4A48-B154-58926EF24846}
		{03466515-77CC-49E4-90E5-9A21EDD0A644} = {84BE90C4-2FDE-4A48-B154-58926EF24846}
		{D11CC8C3-9F25-4424-9006-2A8FC3F9473D} = {933DC8A6-8B1F-46BF-9046-4B636AA46469}
		{8BB44883-AA14-4E0C-A999-A4391AF14FA8} = {D11CC8C3-9F25-4424-9006-2A8FC3F9473D}
		{8AFE074B-3102-41DF-A05E-982B7A2A8F64} = {D11CC8C3-9F25-4424-9006-2A8FC3F9473D}
		{2FAB4B42-4D09-48F7-A589-5F264FF5C620} = {D11CC8C3-9F25-4424-9006-2A8FC3F9473D}
		{0336306C-285A-4810-9253-5C5F0373992E} = {933DC8A6-8B1F-46BF-9046-4B636AA46469}
		{D7E5B226-114C-4747-9277-A4D6341A16FE} = {933DC8A6-8B1F-46BF-9046-4B636AA46469}
		{B37F87A8-B5E2-4724-800C-F5D9A91F35C7} = {933DC8A6-8B1F-46BF-9046-4B636AA46469}
		{D293AFEC-8322-4FEC-8425-143B5FE10D0F} = {B37F87A8-B5E2-4724-800C-F5D9A91F35C7}
		{80828C75-9C5B-442F-86A4-8CE9D85E811C} = {933DC8A6-8B1F-46BF-9046-4B636AA46469}
		{FA6A9923-419A-40E1-8A32-30DD906E5025} = {80828C75-9C5B-442F-86A4-8CE9D85E811C}
		{43ECF2DB-CBA6-4A31-BD6A-B059CEA03CA0} = {80828C75-9C5B-442F-86A4-8CE9D85E811C}
		{CC87DFFB-EE19-4147-9212-4FAF16D79AD5} = {80828C75-9C5B-442F-86A4-8CE9D85E811C}
		{DBCE6260-052E-46F9-ACCD-059AA51B8A48} = {80828C75-9C5B-442F-86A4-8CE9D85E811C}
		{7AA3CDF9-D1F6-4A12-BA47-EB721F353701} = {80828C75-9C5B-442F-86A4-8CE9D85E811C}
		{D7F9BDF7-35B7-4C84-A34E-B940C1763CC9} = {80828C75-9C5B-442F-86A4-8CE9D85E811C}
		{72D44C6C-1BC7-4310-B1A9-1169C0812E33} = {80828C75-9C5B-442F-86A4-8CE9D85E811C}
		{3BD05B05-86DE-4680-A7A0-5A326E41E776} = {0641F1C8-8518-4C67-B385-832745C063FD}
		{98BB2D9F-BFB9-4E70-93D5-7C4C1205BD53} = {0641F1C8-8518-4C67-B385-832745C063FD}
		{44BFB1AD-62FB-4B5B-A5A8-E7D04D731684} = {0641F1C8-8518-4C67-B385-832745C063FD}
	EndGlobalSection
EndGlobal
